// !$*UTF8*$!
{
	archiveVersion = 1;
	classes = {
	};
	objectVersion = 46;
	objects = {

/* Begin PBXBuildFile section */
		D0940E1D1E0380E7001637A5 /* main.m in Sources */ = {isa = PBXBuildFile; fileRef = D0940E1C1E0380E7001637A5 /* main.m */; };
		D0940E201E0380E7001637A5 /* AppDelegate.m in Sources */ = {isa = PBXBuildFile; fileRef = D0940E1F1E0380E7001637A5 /* AppDelegate.m */; };
		D0940E231E0380E7001637A5 /* ViewController.m in Sources */ = {isa = PBXBuildFile; fileRef = D0940E221E0380E7001637A5 /* ViewController.m */; };
		D0940E261E0380E7001637A5 /* Main.storyboard in Resources */ = {isa = PBXBuildFile; fileRef = D0940E241E0380E7001637A5 /* Main.storyboard */; };
		D0940E281E0380E7001637A5 /* Assets.xcassets in Resources */ = {isa = PBXBuildFile; fileRef = D0940E271E0380E7001637A5 /* Assets.xcassets */; };
		D0940E2B1E0380E8001637A5 /* LaunchScreen.storyboard in Resources */ = {isa = PBXBuildFile; fileRef = D0940E291E0380E8001637A5 /* LaunchScreen.storyboard */; };
		D0A967851E136380004D4372 /* amf.c in Sources */ = {isa = PBXBuildFile; fileRef = D0A967771E136380004D4372 /* amf.c */; };
		D0A967861E136380004D4372 /* hashswf.c in Sources */ = {isa = PBXBuildFile; fileRef = D0A9677D1E136380004D4372 /* hashswf.c */; };
		D0A967871E136380004D4372 /* log.c in Sources */ = {isa = PBXBuildFile; fileRef = D0A9677F1E136380004D4372 /* log.c */; };
		D0A967881E136380004D4372 /* parseurl.c in Sources */ = {isa = PBXBuildFile; fileRef = D0A967811E136380004D4372 /* parseurl.c */; };
		D0A967891E136380004D4372 /* rtmp.c in Sources */ = {isa = PBXBuildFile; fileRef = D0A967831E136380004D4372 /* rtmp.c */; };
		D0E221B71E15EA3400A98D17 /* OpenGLView20.m in Sources */ = {isa = PBXBuildFile; fileRef = D0E221B61E15EA3400A98D17 /* OpenGLView20.m */; };
/* End PBXBuildFile section */

/* Begin PBXCopyFilesBuildPhase section */
		D0A967711E136217004D4372 /* Embed Frameworks */ = {
			isa = PBXCopyFilesBuildPhase;
			buildActionMask = 2147483647;
			dstPath = "";
			dstSubfolderSpec = 10;
			files = (
			);
			name = "Embed Frameworks";
			runOnlyForDeploymentPostprocessing = 0;
		};
/* End PBXCopyFilesBuildPhase section */

/* Begin PBXFileReference section */
		D0940E181E0380E7001637A5 /* MediaFrameworkTest.app */ = {isa = PBXFileReference; explicitFileType = wrapper.application; includeInIndex = 0; path = MediaFrameworkTest.app; sourceTree = BUILT_PRODUCTS_DIR; };
		D0940E1C1E0380E7001637A5 /* main.m */ = {isa = PBXFileReference; lastKnownFileType = sourcecode.c.objc; path = main.m; sourceTree = "<group>"; };
		D0940E1E1E0380E7001637A5 /* AppDelegate.h */ = {isa = PBXFileReference; lastKnownFileType = sourcecode.c.h; path = AppDelegate.h; sourceTree = "<group>"; };
		D0940E1F1E0380E7001637A5 /* AppDelegate.m */ = {isa = PBXFileReference; lastKnownFileType = sourcecode.c.objc; path = AppDelegate.m; sourceTree = "<group>"; };
		D0940E211E0380E7001637A5 /* ViewController.h */ = {isa = PBXFileReference; lastKnownFileType = sourcecode.c.h; path = ViewController.h; sourceTree = "<group>"; };
		D0940E221E0380E7001637A5 /* ViewController.m */ = {isa = PBXFileReference; lastKnownFileType = sourcecode.c.objc; path = ViewController.m; sourceTree = "<group>"; };
		D0940E251E0380E7001637A5 /* Base */ = {isa = PBXFileReference; lastKnownFileType = file.storyboard; name = Base; path = Base.lproj/Main.storyboard; sourceTree = "<group>"; };
		D0940E271E0380E7001637A5 /* Assets.xcassets */ = {isa = PBXFileReference; lastKnownFileType = folder.assetcatalog; path = Assets.xcassets; sourceTree = "<group>"; };
		D0940E2A1E0380E8001637A5 /* Base */ = {isa = PBXFileReference; lastKnownFileType = file.storyboard; name = Base; path = Base.lproj/LaunchScreen.storyboard; sourceTree = "<group>"; };
		D0940E2C1E0380E8001637A5 /* Info.plist */ = {isa = PBXFileReference; lastKnownFileType = text.plist.xml; path = Info.plist; sourceTree = "<group>"; };
		D0A967771E136380004D4372 /* amf.c */ = {isa = PBXFileReference; fileEncoding = 4; lastKnownFileType = sourcecode.c.c; path = amf.c; sourceTree = "<group>"; };
		D0A967781E136380004D4372 /* amf.h */ = {isa = PBXFileReference; fileEncoding = 4; lastKnownFileType = sourcecode.c.h; path = amf.h; sourceTree = "<group>"; };
		D0A967791E136380004D4372 /* bytes.h */ = {isa = PBXFileReference; fileEncoding = 4; lastKnownFileType = sourcecode.c.h; path = bytes.h; sourceTree = "<group>"; };
		D0A9677A1E136380004D4372 /* dh.h */ = {isa = PBXFileReference; fileEncoding = 4; lastKnownFileType = sourcecode.c.h; path = dh.h; sourceTree = "<group>"; };
		D0A9677B1E136380004D4372 /* dhgroups.h */ = {isa = PBXFileReference; fileEncoding = 4; lastKnownFileType = sourcecode.c.h; path = dhgroups.h; sourceTree = "<group>"; };
		D0A9677C1E136380004D4372 /* handshake.h */ = {isa = PBXFileReference; fileEncoding = 4; lastKnownFileType = sourcecode.c.h; path = handshake.h; sourceTree = "<group>"; };
		D0A9677D1E136380004D4372 /* hashswf.c */ = {isa = PBXFileReference; fileEncoding = 4; lastKnownFileType = sourcecode.c.c; path = hashswf.c; sourceTree = "<group>"; };
		D0A9677E1E136380004D4372 /* http.h */ = {isa = PBXFileReference; fileEncoding = 4; lastKnownFileType = sourcecode.c.h; path = http.h; sourceTree = "<group>"; };
		D0A9677F1E136380004D4372 /* log.c */ = {isa = PBXFileReference; fileEncoding = 4; lastKnownFileType = sourcecode.c.c; path = log.c; sourceTree = "<group>"; };
		D0A967801E136380004D4372 /* log.h */ = {isa = PBXFileReference; fileEncoding = 4; lastKnownFileType = sourcecode.c.h; path = log.h; sourceTree = "<group>"; };
		D0A967811E136380004D4372 /* parseurl.c */ = {isa = PBXFileReference; fileEncoding = 4; lastKnownFileType = sourcecode.c.c; path = parseurl.c; sourceTree = "<group>"; };
		D0A967821E136380004D4372 /* rtmp_sys.h */ = {isa = PBXFileReference; fileEncoding = 4; lastKnownFileType = sourcecode.c.h; path = rtmp_sys.h; sourceTree = "<group>"; };
		D0A967831E136380004D4372 /* rtmp.c */ = {isa = PBXFileReference; fileEncoding = 4; lastKnownFileType = sourcecode.c.c; path = rtmp.c; sourceTree = "<group>"; };
		D0A967841E136380004D4372 /* rtmp.h */ = {isa = PBXFileReference; fileEncoding = 4; lastKnownFileType = sourcecode.c.h; path = rtmp.h; sourceTree = "<group>"; };
		D0E221B51E15EA3400A98D17 /* OpenGLView20.h */ = {isa = PBXFileReference; fileEncoding = 4; lastKnownFileType = sourcecode.c.h; path = OpenGLView20.h; sourceTree = "<group>"; };
		D0E221B61E15EA3400A98D17 /* OpenGLView20.m */ = {isa = PBXFileReference; fileEncoding = 4; lastKnownFileType = sourcecode.c.objc; path = OpenGLView20.m; sourceTree = "<group>"; };
/* End PBXFileReference section */

/* Begin PBXFrameworksBuildPhase section */
		D0940E151E0380E7001637A5 /* Frameworks */ = {
			isa = PBXFrameworksBuildPhase;
			buildActionMask = 2147483647;
			files = (
			);
			runOnlyForDeploymentPostprocessing = 0;
		};
/* End PBXFrameworksBuildPhase section */

/* Begin PBXGroup section */
		D0940E0F1E0380E7001637A5 = {
			isa = PBXGroup;
			children = (
				D0940E1A1E0380E7001637A5 /* MediaFrameworkTest */,
				D0940E191E0380E7001637A5 /* Products */,
			);
			sourceTree = "<group>";
		};
		D0940E191E0380E7001637A5 /* Products */ = {
			isa = PBXGroup;
			children = (
				D0940E181E0380E7001637A5 /* MediaFrameworkTest.app */,
			);
			name = Products;
			sourceTree = "<group>";
		};
		D0940E1A1E0380E7001637A5 /* MediaFrameworkTest */ = {
			isa = PBXGroup;
			children = (
				D0A967761E136357004D4372 /* librtmp */,
				D0940E1E1E0380E7001637A5 /* AppDelegate.h */,
				D0940E1F1E0380E7001637A5 /* AppDelegate.m */,
				D0940E211E0380E7001637A5 /* ViewController.h */,
				D0940E221E0380E7001637A5 /* ViewController.m */,
				D0E221B51E15EA3400A98D17 /* OpenGLView20.h */,
				D0E221B61E15EA3400A98D17 /* OpenGLView20.m */,
				D0940E241E0380E7001637A5 /* Main.storyboard */,
				D0940E271E0380E7001637A5 /* Assets.xcassets */,
				D0940E291E0380E8001637A5 /* LaunchScreen.storyboard */,
				D0940E2C1E0380E8001637A5 /* Info.plist */,
				D0940E1B1E0380E7001637A5 /* Supporting Files */,
			);
			path = MediaFrameworkTest;
			sourceTree = "<group>";
		};
		D0940E1B1E0380E7001637A5 /* Supporting Files */ = {
			isa = PBXGroup;
			children = (
				D0940E1C1E0380E7001637A5 /* main.m */,
			);
			name = "Supporting Files";
			sourceTree = "<group>";
		};
		D0A967761E136357004D4372 /* librtmp */ = {
			isa = PBXGroup;
			children = (
				D0A967771E136380004D4372 /* amf.c */,
				D0A967781E136380004D4372 /* amf.h */,
				D0A967791E136380004D4372 /* bytes.h */,
				D0A9677A1E136380004D4372 /* dh.h */,
				D0A9677B1E136380004D4372 /* dhgroups.h */,
				D0A9677C1E136380004D4372 /* handshake.h */,
				D0A9677D1E136380004D4372 /* hashswf.c */,
				D0A9677E1E136380004D4372 /* http.h */,
				D0A9677F1E136380004D4372 /* log.c */,
				D0A967801E136380004D4372 /* log.h */,
				D0A967811E136380004D4372 /* parseurl.c */,
				D0A967821E136380004D4372 /* rtmp_sys.h */,
				D0A967831E136380004D4372 /* rtmp.c */,
				D0A967841E136380004D4372 /* rtmp.h */,
			);
			path = librtmp;
			sourceTree = "<group>";
		};
/* End PBXGroup section */

/* Begin PBXNativeTarget section */
		D0940E171E0380E7001637A5 /* MediaFrameworkTest */ = {
			isa = PBXNativeTarget;
			buildConfigurationList = D0940E2F1E0380E8001637A5 /* Build configuration list for PBXNativeTarget "MediaFrameworkTest" */;
			buildPhases = (
				D0940E141E0380E7001637A5 /* Sources */,
				D0940E151E0380E7001637A5 /* Frameworks */,
				D0940E161E0380E7001637A5 /* Resources */,
				D0A967711E136217004D4372 /* Embed Frameworks */,
			);
			buildRules = (
			);
			dependencies = (
			);
			name = MediaFrameworkTest;
			productName = MediaFrameworkTest;
			productReference = D0940E181E0380E7001637A5 /* MediaFrameworkTest.app */;
			productType = "com.apple.product-type.application";
		};
/* End PBXNativeTarget section */

/* Begin PBXProject section */
		D0940E101E0380E7001637A5 /* Project object */ = {
			isa = PBXProject;
			attributes = {
				LastUpgradeCheck = 0730;
				ORGANIZATIONNAME = tbago;
				TargetAttributes = {
					D0940E171E0380E7001637A5 = {
						CreatedOnToolsVersion = 7.3;
						DevelopmentTeam = F2W8C3LQRP;
					};
				};
			};
			buildConfigurationList = D0940E131E0380E7001637A5 /* Build configuration list for PBXProject "MediaFrameworkTest" */;
			compatibilityVersion = "Xcode 3.2";
			developmentRegion = English;
			hasScannedForEncodings = 0;
			knownRegions = (
				English,
				en,
				Base,
			);
			mainGroup = D0940E0F1E0380E7001637A5;
			productRefGroup = D0940E191E0380E7001637A5 /* Products */;
			projectDirPath = "";
			projectRoot = "";
			targets = (
				D0940E171E0380E7001637A5 /* MediaFrameworkTest */,
			);
		};
/* End PBXProject section */

/* Begin PBXResourcesBuildPhase section */
		D0940E161E0380E7001637A5 /* Resources */ = {
			isa = PBXResourcesBuildPhase;
			buildActionMask = 2147483647;
			files = (
				D0940E2B1E0380E8001637A5 /* LaunchScreen.storyboard in Resources */,
				D0940E281E0380E7001637A5 /* Assets.xcassets in Resources */,
				D0940E261E0380E7001637A5 /* Main.storyboard in Resources */,
			);
			runOnlyForDeploymentPostprocessing = 0;
		};
/* End PBXResourcesBuildPhase section */

/* Begin PBXSourcesBuildPhase section */
		D0940E141E0380E7001637A5 /* Sources */ = {
			isa = PBXSourcesBuildPhase;
			buildActionMask = 2147483647;
			files = (
				D0A967871E136380004D4372 /* log.c in Sources */,
				D0940E231E0380E7001637A5 /* ViewController.m in Sources */,
				D0A967891E136380004D4372 /* rtmp.c in Sources */,
				D0A967861E136380004D4372 /* hashswf.c in Sources */,
				D0E221B71E15EA3400A98D17 /* OpenGLView20.m in Sources */,
				D0940E201E0380E7001637A5 /* AppDelegate.m in Sources */,
				D0A967851E136380004D4372 /* amf.c in Sources */,
				D0940E1D1E0380E7001637A5 /* main.m in Sources */,
				D0A967881E136380004D4372 /* parseurl.c in Sources */,
			);
			runOnlyForDeploymentPostprocessing = 0;
		};
/* End PBXSourcesBuildPhase section */

/* Begin PBXVariantGroup section */
		D0940E241E0380E7001637A5 /* Main.storyboard */ = {
			isa = PBXVariantGroup;
			children = (
				D0940E251E0380E7001637A5 /* Base */,
			);
			name = Main.storyboard;
			sourceTree = "<group>";
		};
		D0940E291E0380E8001637A5 /* LaunchScreen.storyboard */ = {
			isa = PBXVariantGroup;
			children = (
				D0940E2A1E0380E8001637A5 /* Base */,
			);
			name = LaunchScreen.storyboard;
			sourceTree = "<group>";
		};
/* End PBXVariantGroup section */

/* Begin XCBuildConfiguration section */
		D0940E2D1E0380E8001637A5 /* Debug */ = {
			isa = XCBuildConfiguration;
			buildSettings = {
				ALWAYS_SEARCH_USER_PATHS = NO;
				CLANG_ANALYZER_NONNULL = YES;
				CLANG_CXX_LANGUAGE_STANDARD = "gnu++0x";
				CLANG_CXX_LIBRARY = "libc++";
				CLANG_ENABLE_MODULES = YES;
				CLANG_ENABLE_OBJC_ARC = YES;
				CLANG_WARN_BOOL_CONVERSION = YES;
				CLANG_WARN_CONSTANT_CONVERSION = YES;
				CLANG_WARN_DIRECT_OBJC_ISA_USAGE = YES_ERROR;
				CLANG_WARN_EMPTY_BODY = YES;
				CLANG_WARN_ENUM_CONVERSION = YES;
				CLANG_WARN_INT_CONVERSION = YES;
				CLANG_WARN_OBJC_ROOT_CLASS = YES_ERROR;
				CLANG_WARN_UNREACHABLE_CODE = YES;
				CLANG_WARN__DUPLICATE_METHOD_MATCH = YES;
				"CODE_SIGN_IDENTITY[sdk=iphoneos*]" = "iPhone Developer";
				COPY_PHASE_STRIP = NO;
				DEBUG_INFORMATION_FORMAT = dwarf;
				ENABLE_STRICT_OBJC_MSGSEND = YES;
				ENABLE_TESTABILITY = YES;
				GCC_C_LANGUAGE_STANDARD = gnu99;
				GCC_DYNAMIC_NO_PIC = NO;
				GCC_NO_COMMON_BLOCKS = YES;
				GCC_OPTIMIZATION_LEVEL = 0;
				GCC_PREPROCESSOR_DEFINITIONS = (
					"DEBUG=1",
					"$(inherited)",
				);
				GCC_WARN_64_TO_32_BIT_CONVERSION = YES;
				GCC_WARN_ABOUT_RETURN_TYPE = YES_ERROR;
				GCC_WARN_UNDECLARED_SELECTOR = YES;
				GCC_WARN_UNINITIALIZED_AUTOS = YES_AGGRESSIVE;
				GCC_WARN_UNUSED_FUNCTION = YES;
				GCC_WARN_UNUSED_VARIABLE = YES;
				IPHONEOS_DEPLOYMENT_TARGET = 9.3;
				MTL_ENABLE_DEBUG_INFO = YES;
				ONLY_ACTIVE_ARCH = YES;
				SDKROOT = iphoneos;
				TARGETED_DEVICE_FAMILY = "1,2";
			};
			name = Debug;
		};
		D0940E2E1E0380E8001637A5 /* Release */ = {
			isa = XCBuildConfiguration;
			buildSettings = {
				ALWAYS_SEARCH_USER_PATHS = NO;
				CLANG_ANALYZER_NONNULL = YES;
				CLANG_CXX_LANGUAGE_STANDARD = "gnu++0x";
				CLANG_CXX_LIBRARY = "libc++";
				CLANG_ENABLE_MODULES = YES;
				CLANG_ENABLE_OBJC_ARC = YES;
				CLANG_WARN_BOOL_CONVERSION = YES;
				CLANG_WARN_CONSTANT_CONVERSION = YES;
				CLANG_WARN_DIRECT_OBJC_ISA_USAGE = YES_ERROR;
				CLANG_WARN_EMPTY_BODY = YES;
				CLANG_WARN_ENUM_CONVERSION = YES;
				CLANG_WARN_INT_CONVERSION = YES;
				CLANG_WARN_OBJC_ROOT_CLASS = YES_ERROR;
				CLANG_WARN_UNREACHABLE_CODE = YES;
				CLANG_WARN__DUPLICATE_METHOD_MATCH = YES;
				"CODE_SIGN_IDENTITY[sdk=iphoneos*]" = "iPhone Developer";
				COPY_PHASE_STRIP = NO;
				DEBUG_INFORMATION_FORMAT = "dwarf-with-dsym";
				ENABLE_NS_ASSERTIONS = NO;
				ENABLE_STRICT_OBJC_MSGSEND = YES;
				GCC_C_LANGUAGE_STANDARD = gnu99;
				GCC_NO_COMMON_BLOCKS = YES;
				GCC_WARN_64_TO_32_BIT_CONVERSION = YES;
				GCC_WARN_ABOUT_RETURN_TYPE = YES_ERROR;
				GCC_WARN_UNDECLARED_SELECTOR = YES;
				GCC_WARN_UNINITIALIZED_AUTOS = YES_AGGRESSIVE;
				GCC_WARN_UNUSED_FUNCTION = YES;
				GCC_WARN_UNUSED_VARIABLE = YES;
				IPHONEOS_DEPLOYMENT_TARGET = 9.3;
				MTL_ENABLE_DEBUG_INFO = NO;
				SDKROOT = iphoneos;
				TARGETED_DEVICE_FAMILY = "1,2";
				VALIDATE_PRODUCT = YES;
			};
			name = Release;
		};
		D0940E301E0380E8001637A5 /* Debug */ = {
			isa = XCBuildConfiguration;
			buildSettings = {
				ASSETCATALOG_COMPILER_APPICON_NAME = AppIcon;
				DEVELOPMENT_TEAM = F2W8C3LQRP;
				INFOPLIST_FILE = MediaFrameworkTest/Info.plist;
				IPHONEOS_DEPLOYMENT_TARGET = 10.0;
				LD_RUNPATH_SEARCH_PATHS = "$(inherited) @executable_path/Frameworks";
				PRODUCT_BUNDLE_IDENTIFIER = com.tbago.MediaFrameworkTest;
				PRODUCT_NAME = "$(TARGET_NAME)";
			};
			name = Debug;
		};
		D0940E311E0380E8001637A5 /* Release */ = {
			isa = XCBuildConfiguration;
			buildSettings = {
				ASSETCATALOG_COMPILER_APPICON_NAME = AppIcon;
				DEVELOPMENT_TEAM = F2W8C3LQRP;
				INFOPLIST_FILE = MediaFrameworkTest/Info.plist;
				IPHONEOS_DEPLOYMENT_TARGET = 10.0;
				LD_RUNPATH_SEARCH_PATHS = "$(inherited) @executable_path/Frameworks";
				PRODUCT_BUNDLE_IDENTIFIER = com.tbago.MediaFrameworkTest;
				PRODUCT_NAME = "$(TARGET_NAME)";
			};
			name = Release;
		};
/* End XCBuildConfiguration section */

/* Begin XCConfigurationList section */
		D0940E131E0380E7001637A5 /* Build configuration list for PBXProject "MediaFrameworkTest" */ = {
			isa = XCConfigurationList;
			buildConfigurations = (
				D0940E2D1E0380E8001637A5 /* Debug */,
				D0940E2E1E0380E8001637A5 /* Release */,
			);
			defaultConfigurationIsVisible = 0;
			defaultConfigurationName = Release;
		};
		D0940E2F1E0380E8001637A5 /* Build configuration list for PBXNativeTarget "MediaFrameworkTest" */ = {
			isa = XCConfigurationList;
			buildConfigurations = (
				D0940E301E0380E8001637A5 /* Debug */,
				D0940E311E0380E8001637A5 /* Release */,
			);
			defaultConfigurationIsVisible = 0;
			defaultConfigurationName = Release;
		};
/* End XCConfigurationList section */
	};
	rootObject = D0940E101E0380E7001637A5 /* Project object */;
}
